
Microsoft Visual Studio Solution File, Format Version 12.00
# Visual Studio Version 16
VisualStudioVersion = 16.0.30717.126
MinimumVisualStudioVersion = 10.0.40219.1
Project("{FAE04EC0-301F-11D3-BF4B-00C04F79EFBC}") = "SpiritBoard", "SpiritBoard\SpiritBoard.csproj", "{B35E6A41-03A7-4F93-9C91-B83875478E5B}"
EndProject
Global
	GlobalSection(SolutionConfigurationPlatforms) = preSolution
		Debug|Any CPU = Debug|Any CPU
		Release|Any CPU = Release|Any CPU
	EndGlobalSection
	GlobalSection(ProjectConfigurationPlatforms) = postSolution
		{B35E6A41-03A7-4F93-9C91-B83875478E5B}.Debug|Any CPU.ActiveCfg = Debug|Any CPU
		{B35E6A41-03A7-4F93-9C91-B83875478E5B}.Debug|Any CPU.Build.0 = Debug|Any CPU
		{B35E6A41-03A7-4F93-9C91-B83875478E5B}.Release|Any CPU.ActiveCfg = Release|Any CPU
		{B35E6A41-03A7-4F93-9C91-B83875478E5B}.Release|Any CPU.Build.0 = Release|Any CPU
	EndGlobalSection
	GlobalSection(SolutionProperties) = preSolution
		HideSolutionNode = FALSE
	EndGlobalSection
	GlobalSection(ExtensibilityGlobals) = postSolution
		SolutionGuid = {9CAC4470-F5E4-48FD-B539-B82B10CD8CD7}
	EndGlobalSection
EndGlobal
